// !$*UTF8*$!
{
	archiveVersion = 1;
	classes = {
	};
	objectVersion = 55;
	objects = {

/* Begin PBXBuildFile section */
		39C8E13828180261009DD9F5 /* AppDelegate.swift in Sources */ = {isa = PBXBuildFile; fileRef = 39C8E13728180261009DD9F5 /* AppDelegate.swift */; };
		39C8E13A28180261009DD9F5 /* SceneDelegate.swift in Sources */ = {isa = PBXBuildFile; fileRef = 39C8E13928180261009DD9F5 /* SceneDelegate.swift */; };
		39C8E14128180265009DD9F5 /* Assets.xcassets in Resources */ = {isa = PBXBuildFile; fileRef = 39C8E14028180265009DD9F5 /* Assets.xcassets */; };
		39C8E14428180265009DD9F5 /* LaunchScreen.storyboard in Resources */ = {isa = PBXBuildFile; fileRef = 39C8E14228180265009DD9F5 /* LaunchScreen.storyboard */; };
		39C8E150281808E8009DD9F5 /* SearchResultPage.swift in Sources */ = {isa = PBXBuildFile; fileRef = 39C8E14F281808E8009DD9F5 /* SearchResultPage.swift */; };
		39D5BEC4281FB10100BE06F5 /* MainPage.swift in Sources */ = {isa = PBXBuildFile; fileRef = 39D5BEC3281FB10100BE06F5 /* MainPage.swift */; };
		39D5BECE281FF46700BE06F5 /* HeaderCollectionView.swift in Sources */ = {isa = PBXBuildFile; fileRef = 39D5BECD281FF46700BE06F5 /* HeaderCollectionView.swift */; };
		6D09381F281EE8E8009AFB7F /* SearchPage.swift in Sources */ = {isa = PBXBuildFile; fileRef = 6D09381E281EE8E8009AFB7F /* SearchPage.swift */; };
		6D093821281EE93C009AFB7F /* CustomLayout.swift in Sources */ = {isa = PBXBuildFile; fileRef = 6D093820281EE93C009AFB7F /* CustomLayout.swift */; };
		6D093824281EE96E009AFB7F /* CellModel.swift in Sources */ = {isa = PBXBuildFile; fileRef = 6D093823281EE96E009AFB7F /* CellModel.swift */; };
		6D093826281EE9A8009AFB7F /* PhotoViewModel.swift in Sources */ = {isa = PBXBuildFile; fileRef = 6D093825281EE9A8009AFB7F /* PhotoViewModel.swift */; };
		6D093828281EE9CC009AFB7F /* SearcedPhoto.swift in Sources */ = {isa = PBXBuildFile; fileRef = 6D093827281EE9CC009AFB7F /* SearcedPhoto.swift */; };
		6D09382B281EEA03009AFB7F /* CategorySubCell.swift in Sources */ = {isa = PBXBuildFile; fileRef = 6D09382A281EEA03009AFB7F /* CategorySubCell.swift */; };
		6D09382D281EEA22009AFB7F /* CellBuilder.swift in Sources */ = {isa = PBXBuildFile; fileRef = 6D09382C281EEA22009AFB7F /* CellBuilder.swift */; };
		6D09382F281EEA3C009AFB7F /* CellConfigurator.swift in Sources */ = {isa = PBXBuildFile; fileRef = 6D09382E281EEA3C009AFB7F /* CellConfigurator.swift */; };
		6D093831281EEA57009AFB7F /* CollectionCellBuilder.swift in Sources */ = {isa = PBXBuildFile; fileRef = 6D093830281EEA57009AFB7F /* CollectionCellBuilder.swift */; };
		6D093833281EEA6D009AFB7F /* ConfigurableCell.swift in Sources */ = {isa = PBXBuildFile; fileRef = 6D093832281EEA6D009AFB7F /* ConfigurableCell.swift */; };
		6D093835281EEA8B009AFB7F /* DiscoverSubCell.swift in Sources */ = {isa = PBXBuildFile; fileRef = 6D093834281EEA8B009AFB7F /* DiscoverSubCell.swift */; };
		6D093838281EEABC009AFB7F /* EndPoint.swift in Sources */ = {isa = PBXBuildFile; fileRef = 6D093837281EEABC009AFB7F /* EndPoint.swift */; };
		6D09383B281EEAF2009AFB7F /* CollectionService.swift in Sources */ = {isa = PBXBuildFile; fileRef = 6D09383A281EEAF2009AFB7F /* CollectionService.swift */; };
		6D09383D281EEB13009AFB7F /* NewService.swift in Sources */ = {isa = PBXBuildFile; fileRef = 6D09383C281EEB13009AFB7F /* NewService.swift */; };
		6D09383F281EEB4D009AFB7F /* SearchedPhotoService.swift in Sources */ = {isa = PBXBuildFile; fileRef = 6D09383E281EEB4D009AFB7F /* SearchedPhotoService.swift */; };
		6D093841282008CB009AFB7F /* ConfigCell.swift in Sources */ = {isa = PBXBuildFile; fileRef = 6D093840282008CB009AFB7F /* ConfigCell.swift */; };
		6D093843282008DE009AFB7F /* TableCellConfigurator.swift in Sources */ = {isa = PBXBuildFile; fileRef = 6D093842282008DE009AFB7F /* TableCellConfigurator.swift */; };
		6D09384528200955009AFB7F /* EditorialViewCell.swift in Sources */ = {isa = PBXBuildFile; fileRef = 6D09384428200955009AFB7F /* EditorialViewCell.swift */; };
		6D093847282009A5009AFB7F /* EditorialModel.swift in Sources */ = {isa = PBXBuildFile; fileRef = 6D093846282009A5009AFB7F /* EditorialModel.swift */; };
		6D39F7BB281E1CDA00217703 /* ExperimentalViewController.swift in Sources */ = {isa = PBXBuildFile; fileRef = 6D39F7BA281E1CDA00217703 /* ExperimentalViewController.swift */; };
		6D39F7BD281E1CFD00217703 /* ArchitectureViewController.swift in Sources */ = {isa = PBXBuildFile; fileRef = 6D39F7BC281E1CFD00217703 /* ArchitectureViewController.swift */; };
		6D39F7BF281E1D3A00217703 /* NatureViewController.swift in Sources */ = {isa = PBXBuildFile; fileRef = 6D39F7BE281E1D3A00217703 /* NatureViewController.swift */; };
		6D420D9B2821BD94000FE3FF /* TopicService.swift in Sources */ = {isa = PBXBuildFile; fileRef = 6D420D9A2821BD94000FE3FF /* TopicService.swift */; };
		6D420D9D2821D7AE000FE3FF /* TopicViewModel.swift in Sources */ = {isa = PBXBuildFile; fileRef = 6D420D9C2821D7AE000FE3FF /* TopicViewModel.swift */; };
		6D537495281811D300778531 /* FeedPage.swift in Sources */ = {isa = PBXBuildFile; fileRef = 6D537494281811D300778531 /* FeedPage.swift */; };
		6D53749A2818123300778531 /* AddPage.swift in Sources */ = {isa = PBXBuildFile; fileRef = 6D5374992818123300778531 /* AddPage.swift */; };
		6D53749D2818125000778531 /* ProfilePage.swift in Sources */ = {isa = PBXBuildFile; fileRef = 6D53749C2818125000778531 /* ProfilePage.swift */; };
		6DD594612819A3DB00F4797C /* EditorialViewController.swift in Sources */ = {isa = PBXBuildFile; fileRef = 6DD594602819A3DB00F4797C /* EditorialViewController.swift */; };
		6DD594632819A4C900F4797C /* CurrentEventsViewController.swift in Sources */ = {isa = PBXBuildFile; fileRef = 6DD594622819A4C900F4797C /* CurrentEventsViewController.swift */; };
		6DD594652819A4D900F4797C /* WallpapersViewController.swift in Sources */ = {isa = PBXBuildFile; fileRef = 6DD594642819A4D900F4797C /* WallpapersViewController.swift */; };
		6DD594672819A4EF00F4797C /* RendersViewController.swift in Sources */ = {isa = PBXBuildFile; fileRef = 6DD594662819A4EF00F4797C /* RendersViewController.swift */; };
		6DD594692819A50000F4797C /* TexturesAndPatternsViewController.swift in Sources */ = {isa = PBXBuildFile; fileRef = 6DD594682819A50000F4797C /* TexturesAndPatternsViewController.swift */; };
		D03551EF8DDC09EA523CF1F2 /* Pods_One_Lab_Final.framework in Frameworks */ = {isa = PBXBuildFile; fileRef = 29E13CFF89E615CDFCF01AB0 /* Pods_One_Lab_Final.framework */; };
/* End PBXBuildFile section */

/* Begin PBXFileReference section */
		29E13CFF89E615CDFCF01AB0 /* Pods_One_Lab_Final.framework */ = {isa = PBXFileReference; explicitFileType = wrapper.framework; includeInIndex = 0; path = Pods_One_Lab_Final.framework; sourceTree = BUILT_PRODUCTS_DIR; };
		39C8E13428180261009DD9F5 /* One-Lab-Final.app */ = {isa = PBXFileReference; explicitFileType = wrapper.application; includeInIndex = 0; path = "One-Lab-Final.app"; sourceTree = BUILT_PRODUCTS_DIR; };
		39C8E13728180261009DD9F5 /* AppDelegate.swift */ = {isa = PBXFileReference; lastKnownFileType = sourcecode.swift; path = AppDelegate.swift; sourceTree = "<group>"; };
		39C8E13928180261009DD9F5 /* SceneDelegate.swift */ = {isa = PBXFileReference; lastKnownFileType = sourcecode.swift; path = SceneDelegate.swift; sourceTree = "<group>"; };
		39C8E14028180265009DD9F5 /* Assets.xcassets */ = {isa = PBXFileReference; lastKnownFileType = folder.assetcatalog; path = Assets.xcassets; sourceTree = "<group>"; };
		39C8E14328180265009DD9F5 /* Base */ = {isa = PBXFileReference; lastKnownFileType = file.storyboard; name = Base; path = Base.lproj/LaunchScreen.storyboard; sourceTree = "<group>"; };
		39C8E14528180265009DD9F5 /* Info.plist */ = {isa = PBXFileReference; lastKnownFileType = text.plist.xml; path = Info.plist; sourceTree = "<group>"; };
		39C8E14F281808E8009DD9F5 /* SearchResultPage.swift */ = {isa = PBXFileReference; lastKnownFileType = sourcecode.swift; path = SearchResultPage.swift; sourceTree = "<group>"; };
		39D5BEC3281FB10100BE06F5 /* MainPage.swift */ = {isa = PBXFileReference; lastKnownFileType = sourcecode.swift; path = MainPage.swift; sourceTree = "<group>"; };
		39D5BECD281FF46700BE06F5 /* HeaderCollectionView.swift */ = {isa = PBXFileReference; lastKnownFileType = sourcecode.swift; path = HeaderCollectionView.swift; sourceTree = "<group>"; };
		6D09381E281EE8E8009AFB7F /* SearchPage.swift */ = {isa = PBXFileReference; lastKnownFileType = sourcecode.swift; path = SearchPage.swift; sourceTree = "<group>"; };
		6D093820281EE93C009AFB7F /* CustomLayout.swift */ = {isa = PBXFileReference; lastKnownFileType = sourcecode.swift; path = CustomLayout.swift; sourceTree = "<group>"; };
		6D093823281EE96E009AFB7F /* CellModel.swift */ = {isa = PBXFileReference; lastKnownFileType = sourcecode.swift; path = CellModel.swift; sourceTree = "<group>"; };
		6D093825281EE9A8009AFB7F /* PhotoViewModel.swift */ = {isa = PBXFileReference; lastKnownFileType = sourcecode.swift; path = PhotoViewModel.swift; sourceTree = "<group>"; };
		6D093827281EE9CC009AFB7F /* SearcedPhoto.swift */ = {isa = PBXFileReference; lastKnownFileType = sourcecode.swift; path = SearcedPhoto.swift; sourceTree = "<group>"; };
		6D09382A281EEA03009AFB7F /* CategorySubCell.swift */ = {isa = PBXFileReference; lastKnownFileType = sourcecode.swift; path = CategorySubCell.swift; sourceTree = "<group>"; };
		6D09382C281EEA22009AFB7F /* CellBuilder.swift */ = {isa = PBXFileReference; lastKnownFileType = sourcecode.swift; path = CellBuilder.swift; sourceTree = "<group>"; };
		6D09382E281EEA3C009AFB7F /* CellConfigurator.swift */ = {isa = PBXFileReference; lastKnownFileType = sourcecode.swift; path = CellConfigurator.swift; sourceTree = "<group>"; };
		6D093830281EEA57009AFB7F /* CollectionCellBuilder.swift */ = {isa = PBXFileReference; lastKnownFileType = sourcecode.swift; path = CollectionCellBuilder.swift; sourceTree = "<group>"; };
		6D093832281EEA6D009AFB7F /* ConfigurableCell.swift */ = {isa = PBXFileReference; lastKnownFileType = sourcecode.swift; path = ConfigurableCell.swift; sourceTree = "<group>"; };
		6D093834281EEA8B009AFB7F /* DiscoverSubCell.swift */ = {isa = PBXFileReference; lastKnownFileType = sourcecode.swift; path = DiscoverSubCell.swift; sourceTree = "<group>"; };
		6D093837281EEABC009AFB7F /* EndPoint.swift */ = {isa = PBXFileReference; lastKnownFileType = sourcecode.swift; path = EndPoint.swift; sourceTree = "<group>"; };
		6D09383A281EEAF2009AFB7F /* CollectionService.swift */ = {isa = PBXFileReference; lastKnownFileType = sourcecode.swift; path = CollectionService.swift; sourceTree = "<group>"; };
		6D09383C281EEB13009AFB7F /* NewService.swift */ = {isa = PBXFileReference; lastKnownFileType = sourcecode.swift; path = NewService.swift; sourceTree = "<group>"; };
		6D09383E281EEB4D009AFB7F /* SearchedPhotoService.swift */ = {isa = PBXFileReference; lastKnownFileType = sourcecode.swift; path = SearchedPhotoService.swift; sourceTree = "<group>"; };
		6D093840282008CB009AFB7F /* ConfigCell.swift */ = {isa = PBXFileReference; lastKnownFileType = sourcecode.swift; name = ConfigCell.swift; path = "One-Lab-Final/Service Layer/ConfigCell.swift"; sourceTree = SOURCE_ROOT; };
		6D093842282008DE009AFB7F /* TableCellConfigurator.swift */ = {isa = PBXFileReference; lastKnownFileType = sourcecode.swift; name = TableCellConfigurator.swift; path = "One-Lab-Final/Service Layer/TableCellConfigurator.swift"; sourceTree = SOURCE_ROOT; };
		6D09384428200955009AFB7F /* EditorialViewCell.swift */ = {isa = PBXFileReference; lastKnownFileType = sourcecode.swift; name = EditorialViewCell.swift; path = "One-Lab-Final/Service Layer/EditorialViewCell.swift"; sourceTree = SOURCE_ROOT; };
		6D093846282009A5009AFB7F /* EditorialModel.swift */ = {isa = PBXFileReference; lastKnownFileType = sourcecode.swift; name = EditorialModel.swift; path = "One-Lab-Final/Service Layer/EditorialModel.swift"; sourceTree = SOURCE_ROOT; };
		6D39F7BA281E1CDA00217703 /* ExperimentalViewController.swift */ = {isa = PBXFileReference; lastKnownFileType = sourcecode.swift; path = ExperimentalViewController.swift; sourceTree = "<group>"; };
		6D39F7BC281E1CFD00217703 /* ArchitectureViewController.swift */ = {isa = PBXFileReference; lastKnownFileType = sourcecode.swift; path = ArchitectureViewController.swift; sourceTree = "<group>"; };
		6D39F7BE281E1D3A00217703 /* NatureViewController.swift */ = {isa = PBXFileReference; lastKnownFileType = sourcecode.swift; path = NatureViewController.swift; sourceTree = "<group>"; };
		6D420D9A2821BD94000FE3FF /* TopicService.swift */ = {isa = PBXFileReference; lastKnownFileType = sourcecode.swift; path = TopicService.swift; sourceTree = "<group>"; };
		6D420D9C2821D7AE000FE3FF /* TopicViewModel.swift */ = {isa = PBXFileReference; lastKnownFileType = sourcecode.swift; name = TopicViewModel.swift; path = "One-Lab-Final/Service Layer/TopicViewModel.swift"; sourceTree = SOURCE_ROOT; };
		6D537494281811D300778531 /* FeedPage.swift */ = {isa = PBXFileReference; lastKnownFileType = sourcecode.swift; path = FeedPage.swift; sourceTree = "<group>"; };
		6D5374992818123300778531 /* AddPage.swift */ = {isa = PBXFileReference; lastKnownFileType = sourcecode.swift; path = AddPage.swift; sourceTree = "<group>"; };
		6D53749C2818125000778531 /* ProfilePage.swift */ = {isa = PBXFileReference; lastKnownFileType = sourcecode.swift; path = ProfilePage.swift; sourceTree = "<group>"; };
		6DD594602819A3DB00F4797C /* EditorialViewController.swift */ = {isa = PBXFileReference; lastKnownFileType = sourcecode.swift; path = EditorialViewController.swift; sourceTree = "<group>"; };
		6DD594622819A4C900F4797C /* CurrentEventsViewController.swift */ = {isa = PBXFileReference; lastKnownFileType = sourcecode.swift; path = CurrentEventsViewController.swift; sourceTree = "<group>"; };
		6DD594642819A4D900F4797C /* WallpapersViewController.swift */ = {isa = PBXFileReference; lastKnownFileType = sourcecode.swift; path = WallpapersViewController.swift; sourceTree = "<group>"; };
		6DD594662819A4EF00F4797C /* RendersViewController.swift */ = {isa = PBXFileReference; lastKnownFileType = sourcecode.swift; path = RendersViewController.swift; sourceTree = "<group>"; };
		6DD594682819A50000F4797C /* TexturesAndPatternsViewController.swift */ = {isa = PBXFileReference; lastKnownFileType = sourcecode.swift; path = TexturesAndPatternsViewController.swift; sourceTree = "<group>"; };
		D0B0C380D0B5C46E864FFCC5 /* Pods-One-Lab-Final.debug.xcconfig */ = {isa = PBXFileReference; includeInIndex = 1; lastKnownFileType = text.xcconfig; name = "Pods-One-Lab-Final.debug.xcconfig"; path = "Target Support Files/Pods-One-Lab-Final/Pods-One-Lab-Final.debug.xcconfig"; sourceTree = "<group>"; };
		F72A53A28C9178502036EF36 /* Pods-One-Lab-Final.release.xcconfig */ = {isa = PBXFileReference; includeInIndex = 1; lastKnownFileType = text.xcconfig; name = "Pods-One-Lab-Final.release.xcconfig"; path = "Target Support Files/Pods-One-Lab-Final/Pods-One-Lab-Final.release.xcconfig"; sourceTree = "<group>"; };
/* End PBXFileReference section */

/* Begin PBXFrameworksBuildPhase section */
		39C8E13128180261009DD9F5 /* Frameworks */ = {
			isa = PBXFrameworksBuildPhase;
			buildActionMask = 2147483647;
			files = (
				D03551EF8DDC09EA523CF1F2 /* Pods_One_Lab_Final.framework in Frameworks */,
			);
			runOnlyForDeploymentPostprocessing = 0;
		};
/* End PBXFrameworksBuildPhase section */

/* Begin PBXGroup section */
		14BB34D948F5E6E189A3BE6F /* Frameworks */ = {
			isa = PBXGroup;
			children = (
				29E13CFF89E615CDFCF01AB0 /* Pods_One_Lab_Final.framework */,
			);
			name = Frameworks;
			sourceTree = "<group>";
		};
		39C8E12B28180261009DD9F5 = {
			isa = PBXGroup;
			children = (
				39C8E13628180261009DD9F5 /* One-Lab-Final */,
				39C8E13528180261009DD9F5 /* Products */,
				E42C85177713B9366B98A029 /* Pods */,
				14BB34D948F5E6E189A3BE6F /* Frameworks */,
			);
			sourceTree = "<group>";
		};
		39C8E13528180261009DD9F5 /* Products */ = {
			isa = PBXGroup;
			children = (
				39C8E13428180261009DD9F5 /* One-Lab-Final.app */,
			);
			name = Products;
			sourceTree = "<group>";
		};
		39C8E13628180261009DD9F5 /* One-Lab-Final */ = {
			isa = PBXGroup;
			children = (
				6D093839281EEAD1009AFB7F /* Service Layer */,
				6D093836281EEAAB009AFB7F /* Core Layer */,
				39C8E14C281807CF009DD9F5 /* Presentation Layer */,
				39C8E14B2818079F009DD9F5 /* Application Layer */,
				39C8E14028180265009DD9F5 /* Assets.xcassets */,
				39C8E14228180265009DD9F5 /* LaunchScreen.storyboard */,
				39C8E14528180265009DD9F5 /* Info.plist */,
			);
			path = "One-Lab-Final";
			sourceTree = "<group>";
		};
		39C8E14B2818079F009DD9F5 /* Application Layer */ = {
			isa = PBXGroup;
			children = (
				39C8E13728180261009DD9F5 /* AppDelegate.swift */,
				39C8E13928180261009DD9F5 /* SceneDelegate.swift */,
				39D5BEC3281FB10100BE06F5 /* MainPage.swift */,
			);
			path = "Application Layer";
			sourceTree = "<group>";
		};
		39C8E14C281807CF009DD9F5 /* Presentation Layer */ = {
			isa = PBXGroup;
			children = (
				6D5374932818119E00778531 /* ProfilePage */,
				6D5374922818119300778531 /* AddPage */,
				6D5374912818118600778531 /* SearchPage */,
				6D5374902818113100778531 /* FeedPage */,
			);
			path = "Presentation Layer";
			sourceTree = "<group>";
		};
		6D093822281EE959009AFB7F /* Models */ = {
			isa = PBXGroup;
			children = (
				6D093823281EE96E009AFB7F /* CellModel.swift */,
				6D093825281EE9A8009AFB7F /* PhotoViewModel.swift */,
				6D093827281EE9CC009AFB7F /* SearcedPhoto.swift */,
			);
			path = Models;
			sourceTree = "<group>";
		};
		6D093829281EE9EE009AFB7F /* Views */ = {
			isa = PBXGroup;
			children = (
				6D09382A281EEA03009AFB7F /* CategorySubCell.swift */,
				6D093834281EEA8B009AFB7F /* DiscoverSubCell.swift */,
				6D09382C281EEA22009AFB7F /* CellBuilder.swift */,
				6D09382E281EEA3C009AFB7F /* CellConfigurator.swift */,
				6D093830281EEA57009AFB7F /* CollectionCellBuilder.swift */,
				6D093832281EEA6D009AFB7F /* ConfigurableCell.swift */,
			);
			path = Views;
			sourceTree = "<group>";
		};
		6D093836281EEAAB009AFB7F /* Core Layer */ = {
			isa = PBXGroup;
			children = (
				6D093837281EEABC009AFB7F /* EndPoint.swift */,
			);
			path = "Core Layer";
			sourceTree = "<group>";
		};
		6D093839281EEAD1009AFB7F /* Service Layer */ = {
			isa = PBXGroup;
			children = (
				6D09383A281EEAF2009AFB7F /* CollectionService.swift */,
				6D09383C281EEB13009AFB7F /* NewService.swift */,
				6D09383E281EEB4D009AFB7F /* SearchedPhotoService.swift */,
				6D420D9A2821BD94000FE3FF /* TopicService.swift */,
			);
			path = "Service Layer";
			sourceTree = "<group>";
		};
		6D39F7C0281EB68B00217703 /* Models */ = {
			isa = PBXGroup;
			children = (
				6D093846282009A5009AFB7F /* EditorialModel.swift */,
			);
			path = Models;
			sourceTree = "<group>";
		};
		6D39F7C1281EB69300217703 /* Views */ = {
			isa = PBXGroup;
			children = (
				6D093840282008CB009AFB7F /* ConfigCell.swift */,
				6D093842282008DE009AFB7F /* TableCellConfigurator.swift */,
				6D09384428200955009AFB7F /* EditorialViewCell.swift */,
			);
			path = Views;
			sourceTree = "<group>";
		};
		6D39F7C2281EB69800217703 /*  ViewModels */ = {
			isa = PBXGroup;
			children = (
				6D420D9C2821D7AE000FE3FF /* TopicViewModel.swift */,
			);
			path = " ViewModels";
			sourceTree = "<group>";
		};
		6D5374902818113100778531 /* FeedPage */ = {
			isa = PBXGroup;
			children = (
				6D39F7C2281EB69800217703 /*  ViewModels */,
				6D39F7C1281EB69300217703 /* Views */,
				6D39F7C0281EB68B00217703 /* Models */,
				6D537496281811D700778531 /* Controller */,
			);
			name = FeedPage;
			path = "New Group";
			sourceTree = "<group>";
		};
		6D5374912818118600778531 /* SearchPage */ = {
			isa = PBXGroup;
			children = (
				6D093829281EE9EE009AFB7F /* Views */,
				6D093822281EE959009AFB7F /* Models */,
				6D537497281811E400778531 /* Controller */,
			);
			path = SearchPage;
			sourceTree = "<group>";
		};
		6D5374922818119300778531 /* AddPage */ = {
			isa = PBXGroup;
			children = (
				6D5374982818120C00778531 /* Controller */,
			);
			path = AddPage;
			sourceTree = "<group>";
		};
		6D5374932818119E00778531 /* ProfilePage */ = {
			isa = PBXGroup;
			children = (
				6D53749B2818123900778531 /* Controller */,
			);
			path = ProfilePage;
			sourceTree = "<group>";
		};
		6D537496281811D700778531 /* Controller */ = {
			isa = PBXGroup;
			children = (
				6D537494281811D300778531 /* FeedPage.swift */,
				6DD594682819A50000F4797C /* TexturesAndPatternsViewController.swift */,
				6DD594642819A4D900F4797C /* WallpapersViewController.swift */,
				6DD594622819A4C900F4797C /* CurrentEventsViewController.swift */,
				6DD594602819A3DB00F4797C /* EditorialViewController.swift */,
				6DD594662819A4EF00F4797C /* RendersViewController.swift */,
				6D39F7BA281E1CDA00217703 /* ExperimentalViewController.swift */,
				6D39F7BC281E1CFD00217703 /* ArchitectureViewController.swift */,
				6D39F7BE281E1D3A00217703 /* NatureViewController.swift */,
			);
			path = Controller;
			sourceTree = "<group>";
		};
		6D537497281811E400778531 /* Controller */ = {
			isa = PBXGroup;
			children = (
				39C8E14F281808E8009DD9F5 /* SearchResultPage.swift */,
				6D09381E281EE8E8009AFB7F /* SearchPage.swift */,
				6D093820281EE93C009AFB7F /* CustomLayout.swift */,
				39D5BECD281FF46700BE06F5 /* HeaderCollectionView.swift */,
			);
			path = Controller;
			sourceTree = "<group>";
		};
		6D5374982818120C00778531 /* Controller */ = {
			isa = PBXGroup;
			children = (
				6D5374992818123300778531 /* AddPage.swift */,
			);
			path = Controller;
			sourceTree = "<group>";
		};
		6D53749B2818123900778531 /* Controller */ = {
			isa = PBXGroup;
			children = (
				6D53749C2818125000778531 /* ProfilePage.swift */,
			);
			path = Controller;
			sourceTree = "<group>";
		};
		E42C85177713B9366B98A029 /* Pods */ = {
			isa = PBXGroup;
			children = (
				D0B0C380D0B5C46E864FFCC5 /* Pods-One-Lab-Final.debug.xcconfig */,
				F72A53A28C9178502036EF36 /* Pods-One-Lab-Final.release.xcconfig */,
			);
			path = Pods;
			sourceTree = "<group>";
		};
/* End PBXGroup section */

/* Begin PBXNativeTarget section */
		39C8E13328180261009DD9F5 /* One-Lab-Final */ = {
			isa = PBXNativeTarget;
			buildConfigurationList = 39C8E14828180265009DD9F5 /* Build configuration list for PBXNativeTarget "One-Lab-Final" */;
			buildPhases = (
				4AA0387D8E2F15DCD329237F /* [CP] Check Pods Manifest.lock */,
				39C8E13028180261009DD9F5 /* Sources */,
				39C8E13128180261009DD9F5 /* Frameworks */,
				39C8E13228180261009DD9F5 /* Resources */,
				C28386375FE55CEE00BE860B /* [CP] Embed Pods Frameworks */,
			);
			buildRules = (
			);
			dependencies = (
			);
			name = "One-Lab-Final";
			productName = "One-Lab-Final";
			productReference = 39C8E13428180261009DD9F5 /* One-Lab-Final.app */;
			productType = "com.apple.product-type.application";
		};
/* End PBXNativeTarget section */

/* Begin PBXProject section */
		39C8E12C28180261009DD9F5 /* Project object */ = {
			isa = PBXProject;
			attributes = {
				BuildIndependentTargetsInParallel = 1;
				LastSwiftUpdateCheck = 1320;
				LastUpgradeCheck = 1320;
				TargetAttributes = {
					39C8E13328180261009DD9F5 = {
						CreatedOnToolsVersion = 13.2.1;
					};
				};
			};
			buildConfigurationList = 39C8E12F28180261009DD9F5 /* Build configuration list for PBXProject "One-Lab-Final" */;
			compatibilityVersion = "Xcode 13.0";
			developmentRegion = en;
			hasScannedForEncodings = 0;
			knownRegions = (
				en,
				Base,
			);
			mainGroup = 39C8E12B28180261009DD9F5;
			productRefGroup = 39C8E13528180261009DD9F5 /* Products */;
			projectDirPath = "";
			projectRoot = "";
			targets = (
				39C8E13328180261009DD9F5 /* One-Lab-Final */,
			);
		};
/* End PBXProject section */

/* Begin PBXResourcesBuildPhase section */
		39C8E13228180261009DD9F5 /* Resources */ = {
			isa = PBXResourcesBuildPhase;
			buildActionMask = 2147483647;
			files = (
				39C8E14428180265009DD9F5 /* LaunchScreen.storyboard in Resources */,
				39C8E14128180265009DD9F5 /* Assets.xcassets in Resources */,
			);
			runOnlyForDeploymentPostprocessing = 0;
		};
/* End PBXResourcesBuildPhase section */

/* Begin PBXShellScriptBuildPhase section */
		4AA0387D8E2F15DCD329237F /* [CP] Check Pods Manifest.lock */ = {
			isa = PBXShellScriptBuildPhase;
			buildActionMask = 2147483647;
			files = (
			);
			inputFileListPaths = (
			);
			inputPaths = (
				"${PODS_PODFILE_DIR_PATH}/Podfile.lock",
				"${PODS_ROOT}/Manifest.lock",
			);
			name = "[CP] Check Pods Manifest.lock";
			outputFileListPaths = (
			);
			outputPaths = (
				"$(DERIVED_FILE_DIR)/Pods-One-Lab-Final-checkManifestLockResult.txt",
			);
			runOnlyForDeploymentPostprocessing = 0;
			shellPath = /bin/sh;
			shellScript = "diff \"${PODS_PODFILE_DIR_PATH}/Podfile.lock\" \"${PODS_ROOT}/Manifest.lock\" > /dev/null\nif [ $? != 0 ] ; then\n    # print error to STDERR\n    echo \"error: The sandbox is not in sync with the Podfile.lock. Run 'pod install' or update your CocoaPods installation.\" >&2\n    exit 1\nfi\n# This output is used by Xcode 'outputs' to avoid re-running this script phase.\necho \"SUCCESS\" > \"${SCRIPT_OUTPUT_FILE_0}\"\n";
			showEnvVarsInLog = 0;
		};
		C28386375FE55CEE00BE860B /* [CP] Embed Pods Frameworks */ = {
			isa = PBXShellScriptBuildPhase;
			buildActionMask = 2147483647;
			files = (
			);
			inputFileListPaths = (
				"${PODS_ROOT}/Target Support Files/Pods-One-Lab-Final/Pods-One-Lab-Final-frameworks-${CONFIGURATION}-input-files.xcfilelist",
			);
			name = "[CP] Embed Pods Frameworks";
			outputFileListPaths = (
				"${PODS_ROOT}/Target Support Files/Pods-One-Lab-Final/Pods-One-Lab-Final-frameworks-${CONFIGURATION}-output-files.xcfilelist",
			);
			runOnlyForDeploymentPostprocessing = 0;
			shellPath = /bin/sh;
			shellScript = "\"${PODS_ROOT}/Target Support Files/Pods-One-Lab-Final/Pods-One-Lab-Final-frameworks.sh\"\n";
			showEnvVarsInLog = 0;
		};
/* End PBXShellScriptBuildPhase section */

/* Begin PBXSourcesBuildPhase section */
		39C8E13028180261009DD9F5 /* Sources */ = {
			isa = PBXSourcesBuildPhase;
			buildActionMask = 2147483647;
			files = (
				6DD594612819A3DB00F4797C /* EditorialViewController.swift in Sources */,
				6D093841282008CB009AFB7F /* ConfigCell.swift in Sources */,
				6DD594632819A4C900F4797C /* CurrentEventsViewController.swift in Sources */,
				6D420D9D2821D7AE000FE3FF /* TopicViewModel.swift in Sources */,
				6DD594692819A50000F4797C /* TexturesAndPatternsViewController.swift in Sources */,
				6D09383B281EEAF2009AFB7F /* CollectionService.swift in Sources */,
				6D39F7BF281E1D3A00217703 /* NatureViewController.swift in Sources */,
				6D53749D2818125000778531 /* ProfilePage.swift in Sources */,
				6D093824281EE96E009AFB7F /* CellModel.swift in Sources */,
				39C8E13828180261009DD9F5 /* AppDelegate.swift in Sources */,
				39C8E13A28180261009DD9F5 /* SceneDelegate.swift in Sources */,
				6D537495281811D300778531 /* FeedPage.swift in Sources */,
				6D093831281EEA57009AFB7F /* CollectionCellBuilder.swift in Sources */,
				6D39F7BD281E1CFD00217703 /* ArchitectureViewController.swift in Sources */,
				6D09382F281EEA3C009AFB7F /* CellConfigurator.swift in Sources */,
				6D093838281EEABC009AFB7F /* EndPoint.swift in Sources */,
				6D09383D281EEB13009AFB7F /* NewService.swift in Sources */,
				6D093828281EE9CC009AFB7F /* SearcedPhoto.swift in Sources */,
				6DD594672819A4EF00F4797C /* RendersViewController.swift in Sources */,
				39D5BEC4281FB10100BE06F5 /* MainPage.swift in Sources */,
				6D093821281EE93C009AFB7F /* CustomLayout.swift in Sources */,
				6D39F7BB281E1CDA00217703 /* ExperimentalViewController.swift in Sources */,
				6D420D9B2821BD94000FE3FF /* TopicService.swift in Sources */,
				6DD594652819A4D900F4797C /* WallpapersViewController.swift in Sources */,
				6D093835281EEA8B009AFB7F /* DiscoverSubCell.swift in Sources */,
				6D093826281EE9A8009AFB7F /* PhotoViewModel.swift in Sources */,
				6D093843282008DE009AFB7F /* TableCellConfigurator.swift in Sources */,
				6D09383F281EEB4D009AFB7F /* SearchedPhotoService.swift in Sources */,
				6D09382B281EEA03009AFB7F /* CategorySubCell.swift in Sources */,
				6D093833281EEA6D009AFB7F /* ConfigurableCell.swift in Sources */,
				6D53749A2818123300778531 /* AddPage.swift in Sources */,
				6D09382D281EEA22009AFB7F /* CellBuilder.swift in Sources */,
				39D5BECE281FF46700BE06F5 /* HeaderCollectionView.swift in Sources */,
				6D09384528200955009AFB7F /* EditorialViewCell.swift in Sources */,
				6D09381F281EE8E8009AFB7F /* SearchPage.swift in Sources */,
				6D093847282009A5009AFB7F /* EditorialModel.swift in Sources */,
				39C8E150281808E8009DD9F5 /* SearchResultPage.swift in Sources */,
			);
			runOnlyForDeploymentPostprocessing = 0;
		};
/* End PBXSourcesBuildPhase section */

/* Begin PBXVariantGroup section */
		39C8E14228180265009DD9F5 /* LaunchScreen.storyboard */ = {
			isa = PBXVariantGroup;
			children = (
				39C8E14328180265009DD9F5 /* Base */,
			);
			name = LaunchScreen.storyboard;
			sourceTree = "<group>";
		};
/* End PBXVariantGroup section */

/* Begin XCBuildConfiguration section */
		39C8E14628180265009DD9F5 /* Debug */ = {
			isa = XCBuildConfiguration;
			buildSettings = {
				ALWAYS_SEARCH_USER_PATHS = NO;
				CLANG_ANALYZER_NONNULL = YES;
				CLANG_ANALYZER_NUMBER_OBJECT_CONVERSION = YES_AGGRESSIVE;
				CLANG_CXX_LANGUAGE_STANDARD = "gnu++17";
				CLANG_CXX_LIBRARY = "libc++";
				CLANG_ENABLE_MODULES = YES;
				CLANG_ENABLE_OBJC_ARC = YES;
				CLANG_ENABLE_OBJC_WEAK = YES;
				CLANG_WARN_BLOCK_CAPTURE_AUTORELEASING = YES;
				CLANG_WARN_BOOL_CONVERSION = YES;
				CLANG_WARN_COMMA = YES;
				CLANG_WARN_CONSTANT_CONVERSION = YES;
				CLANG_WARN_DEPRECATED_OBJC_IMPLEMENTATIONS = YES;
				CLANG_WARN_DIRECT_OBJC_ISA_USAGE = YES_ERROR;
				CLANG_WARN_DOCUMENTATION_COMMENTS = YES;
				CLANG_WARN_EMPTY_BODY = YES;
				CLANG_WARN_ENUM_CONVERSION = YES;
				CLANG_WARN_INFINITE_RECURSION = YES;
				CLANG_WARN_INT_CONVERSION = YES;
				CLANG_WARN_NON_LITERAL_NULL_CONVERSION = YES;
				CLANG_WARN_OBJC_IMPLICIT_RETAIN_SELF = YES;
				CLANG_WARN_OBJC_LITERAL_CONVERSION = YES;
				CLANG_WARN_OBJC_ROOT_CLASS = YES_ERROR;
				CLANG_WARN_QUOTED_INCLUDE_IN_FRAMEWORK_HEADER = YES;
				CLANG_WARN_RANGE_LOOP_ANALYSIS = YES;
				CLANG_WARN_STRICT_PROTOTYPES = YES;
				CLANG_WARN_SUSPICIOUS_MOVE = YES;
				CLANG_WARN_UNGUARDED_AVAILABILITY = YES_AGGRESSIVE;
				CLANG_WARN_UNREACHABLE_CODE = YES;
				CLANG_WARN__DUPLICATE_METHOD_MATCH = YES;
				COPY_PHASE_STRIP = NO;
				DEBUG_INFORMATION_FORMAT = dwarf;
				ENABLE_STRICT_OBJC_MSGSEND = YES;
				ENABLE_TESTABILITY = YES;
				GCC_C_LANGUAGE_STANDARD = gnu11;
				GCC_DYNAMIC_NO_PIC = NO;
				GCC_NO_COMMON_BLOCKS = YES;
				GCC_OPTIMIZATION_LEVEL = 0;
				GCC_PREPROCESSOR_DEFINITIONS = (
					"DEBUG=1",
					"$(inherited)",
				);
				GCC_WARN_64_TO_32_BIT_CONVERSION = YES;
				GCC_WARN_ABOUT_RETURN_TYPE = YES_ERROR;
				GCC_WARN_UNDECLARED_SELECTOR = YES;
				GCC_WARN_UNINITIALIZED_AUTOS = YES_AGGRESSIVE;
				GCC_WARN_UNUSED_FUNCTION = YES;
				GCC_WARN_UNUSED_VARIABLE = YES;
				IPHONEOS_DEPLOYMENT_TARGET = 15.2;
				MTL_ENABLE_DEBUG_INFO = INCLUDE_SOURCE;
				MTL_FAST_MATH = YES;
				ONLY_ACTIVE_ARCH = YES;
				SDKROOT = iphoneos;
				SWIFT_ACTIVE_COMPILATION_CONDITIONS = DEBUG;
				SWIFT_OPTIMIZATION_LEVEL = "-Onone";
			};
			name = Debug;
		};
		39C8E14728180265009DD9F5 /* Release */ = {
			isa = XCBuildConfiguration;
			buildSettings = {
				ALWAYS_SEARCH_USER_PATHS = NO;
				CLANG_ANALYZER_NONNULL = YES;
				CLANG_ANALYZER_NUMBER_OBJECT_CONVERSION = YES_AGGRESSIVE;
				CLANG_CXX_LANGUAGE_STANDARD = "gnu++17";
				CLANG_CXX_LIBRARY = "libc++";
				CLANG_ENABLE_MODULES = YES;
				CLANG_ENABLE_OBJC_ARC = YES;
				CLANG_ENABLE_OBJC_WEAK = YES;
				CLANG_WARN_BLOCK_CAPTURE_AUTORELEASING = YES;
				CLANG_WARN_BOOL_CONVERSION = YES;
				CLANG_WARN_COMMA = YES;
				CLANG_WARN_CONSTANT_CONVERSION = YES;
				CLANG_WARN_DEPRECATED_OBJC_IMPLEMENTATIONS = YES;
				CLANG_WARN_DIRECT_OBJC_ISA_USAGE = YES_ERROR;
				CLANG_WARN_DOCUMENTATION_COMMENTS = YES;
				CLANG_WARN_EMPTY_BODY = YES;
				CLANG_WARN_ENUM_CONVERSION = YES;
				CLANG_WARN_INFINITE_RECURSION = YES;
				CLANG_WARN_INT_CONVERSION = YES;
				CLANG_WARN_NON_LITERAL_NULL_CONVERSION = YES;
				CLANG_WARN_OBJC_IMPLICIT_RETAIN_SELF = YES;
				CLANG_WARN_OBJC_LITERAL_CONVERSION = YES;
				CLANG_WARN_OBJC_ROOT_CLASS = YES_ERROR;
				CLANG_WARN_QUOTED_INCLUDE_IN_FRAMEWORK_HEADER = YES;
				CLANG_WARN_RANGE_LOOP_ANALYSIS = YES;
				CLANG_WARN_STRICT_PROTOTYPES = YES;
				CLANG_WARN_SUSPICIOUS_MOVE = YES;
				CLANG_WARN_UNGUARDED_AVAILABILITY = YES_AGGRESSIVE;
				CLANG_WARN_UNREACHABLE_CODE = YES;
				CLANG_WARN__DUPLICATE_METHOD_MATCH = YES;
				COPY_PHASE_STRIP = NO;
				DEBUG_INFORMATION_FORMAT = "dwarf-with-dsym";
				ENABLE_NS_ASSERTIONS = NO;
				ENABLE_STRICT_OBJC_MSGSEND = YES;
				GCC_C_LANGUAGE_STANDARD = gnu11;
				GCC_NO_COMMON_BLOCKS = YES;
				GCC_WARN_64_TO_32_BIT_CONVERSION = YES;
				GCC_WARN_ABOUT_RETURN_TYPE = YES_ERROR;
				GCC_WARN_UNDECLARED_SELECTOR = YES;
				GCC_WARN_UNINITIALIZED_AUTOS = YES_AGGRESSIVE;
				GCC_WARN_UNUSED_FUNCTION = YES;
				GCC_WARN_UNUSED_VARIABLE = YES;
				IPHONEOS_DEPLOYMENT_TARGET = 15.2;
				MTL_ENABLE_DEBUG_INFO = NO;
				MTL_FAST_MATH = YES;
				SDKROOT = iphoneos;
				SWIFT_COMPILATION_MODE = wholemodule;
				SWIFT_OPTIMIZATION_LEVEL = "-O";
				VALIDATE_PRODUCT = YES;
			};
			name = Release;
		};
		39C8E14928180265009DD9F5 /* Debug */ = {
			isa = XCBuildConfiguration;
			baseConfigurationReference = D0B0C380D0B5C46E864FFCC5 /* Pods-One-Lab-Final.debug.xcconfig */;
			buildSettings = {
				ASSETCATALOG_COMPILER_APPICON_NAME = AppIcon;
				ASSETCATALOG_COMPILER_GLOBAL_ACCENT_COLOR_NAME = AccentColor;
				CODE_SIGN_STYLE = Automatic;
				CURRENT_PROJECT_VERSION = 1;
				DEVELOPMENT_TEAM = "";
				GENERATE_INFOPLIST_FILE = YES;
				INFOPLIST_FILE = "One-Lab-Final/Info.plist";
				INFOPLIST_KEY_UIApplicationSupportsIndirectInputEvents = YES;
				INFOPLIST_KEY_UILaunchStoryboardName = LaunchScreen;
				INFOPLIST_KEY_UISupportedInterfaceOrientations_iPad = "UIInterfaceOrientationPortrait UIInterfaceOrientationPortraitUpsideDown UIInterfaceOrientationLandscapeLeft UIInterfaceOrientationLandscapeRight";
				INFOPLIST_KEY_UISupportedInterfaceOrientations_iPhone = "UIInterfaceOrientationPortrait UIInterfaceOrientationLandscapeLeft UIInterfaceOrientationLandscapeRight";
				LD_RUNPATH_SEARCH_PATHS = (
					"$(inherited)",
					"@executable_path/Frameworks",
				);
				MARKETING_VERSION = 1.0;
				PRODUCT_BUNDLE_IDENTIFIER = "com.first.Amina.One-Lab-Final";
				PRODUCT_NAME = "$(TARGET_NAME)";
				SWIFT_EMIT_LOC_STRINGS = YES;
				SWIFT_VERSION = 5.0;
				TARGETED_DEVICE_FAMILY = "1,2";
			};
			name = Debug;
		};
		39C8E14A28180265009DD9F5 /* Release */ = {
			isa = XCBuildConfiguration;
			baseConfigurationReference = F72A53A28C9178502036EF36 /* Pods-One-Lab-Final.release.xcconfig */;
			buildSettings = {
				ASSETCATALOG_COMPILER_APPICON_NAME = AppIcon;
				ASSETCATALOG_COMPILER_GLOBAL_ACCENT_COLOR_NAME = AccentColor;
				CODE_SIGN_STYLE = Automatic;
				CURRENT_PROJECT_VERSION = 1;
				DEVELOPMENT_TEAM = "";
				GENERATE_INFOPLIST_FILE = YES;
				INFOPLIST_FILE = "One-Lab-Final/Info.plist";
				INFOPLIST_KEY_UIApplicationSupportsIndirectInputEvents = YES;
				INFOPLIST_KEY_UILaunchStoryboardName = LaunchScreen;
				INFOPLIST_KEY_UISupportedInterfaceOrientations_iPad = "UIInterfaceOrientationPortrait UIInterfaceOrientationPortraitUpsideDown UIInterfaceOrientationLandscapeLeft UIInterfaceOrientationLandscapeRight";
				INFOPLIST_KEY_UISupportedInterfaceOrientations_iPhone = "UIInterfaceOrientationPortrait UIInterfaceOrientationLandscapeLeft UIInterfaceOrientationLandscapeRight";
				LD_RUNPATH_SEARCH_PATHS = (
					"$(inherited)",
					"@executable_path/Frameworks",
				);
				MARKETING_VERSION = 1.0;
				PRODUCT_BUNDLE_IDENTIFIER = "com.first.Amina.One-Lab-Final";
				PRODUCT_NAME = "$(TARGET_NAME)";
				SWIFT_EMIT_LOC_STRINGS = YES;
				SWIFT_VERSION = 5.0;
				TARGETED_DEVICE_FAMILY = "1,2";
			};
			name = Release;
		};
/* End XCBuildConfiguration section */

/* Begin XCConfigurationList section */
		39C8E12F28180261009DD9F5 /* Build configuration list for PBXProject "One-Lab-Final" */ = {
			isa = XCConfigurationList;
			buildConfigurations = (
				39C8E14628180265009DD9F5 /* Debug */,
				39C8E14728180265009DD9F5 /* Release */,
			);
			defaultConfigurationIsVisible = 0;
			defaultConfigurationName = Release;
		};
		39C8E14828180265009DD9F5 /* Build configuration list for PBXNativeTarget "One-Lab-Final" */ = {
			isa = XCConfigurationList;
			buildConfigurations = (
				39C8E14928180265009DD9F5 /* Debug */,
				39C8E14A28180265009DD9F5 /* Release */,
			);
			defaultConfigurationIsVisible = 0;
			defaultConfigurationName = Release;
		};
/* End XCConfigurationList section */
	};
	rootObject = 39C8E12C28180261009DD9F5 /* Project object */;
}
